
Microsoft Visual Studio Solution File, Format Version 12.00
Project("{FAE04EC0-301F-11D3-BF4B-00C04F79EFBC}") = "ProphetCrystal", "ProphetCrystal\ProphetCrystal.csproj", "{1FDC2BAD-F8BD-4DE8-81D0-3BDCCD3B936B}"
EndProject
Project("{FAE04EC0-301F-11D3-BF4B-00C04F79EFBC}") = "ProphetCrystal.IntegrationTests", "ProphetCrystal.IntegrationTests\ProphetCrystal.IntegrationTests.csproj", "{B1870387-32A3-4999-90E2-2EF976E097BC}"
EndProject
Global
	GlobalSection(SolutionConfigurationPlatforms) = preSolution
		Debug|Any CPU = Debug|Any CPU
		Release|Any CPU = Release|Any CPU
	EndGlobalSection
	GlobalSection(ProjectConfigurationPlatforms) = postSolution
		{1FDC2BAD-F8BD-4DE8-81D0-3BDCCD3B936B}.Debug|Any CPU.ActiveCfg = Debug|Any CPU
		{1FDC2BAD-F8BD-4DE8-81D0-3BDCCD3B936B}.Debug|Any CPU.Build.0 = Debug|Any CPU
		{1FDC2BAD-F8BD-4DE8-81D0-3BDCCD3B936B}.Release|Any CPU.ActiveCfg = Release|Any CPU
		{1FDC2BAD-F8BD-4DE8-81D0-3BDCCD3B936B}.Release|Any CPU.Build.0 = Release|Any CPU
		{B1870387-32A3-4999-90E2-2EF976E097BC}.Debug|Any CPU.ActiveCfg = Debug|Any CPU
		{B1870387-32A3-4999-90E2-2EF976E097BC}.Debug|Any CPU.Build.0 = Debug|Any CPU
		{B1870387-32A3-4999-90E2-2EF976E097BC}.Release|Any CPU.ActiveCfg = Release|Any CPU
		{B1870387-32A3-4999-90E2-2EF976E097BC}.Release|Any CPU.Build.0 = Release|Any CPU
	EndGlobalSection
EndGlobal
